{
  "name": "insider-case-study",
  "version": "0.0.0",
  "lockfileVersion": 2,
  "requires": true,
  "packages": {
    "": {
      "name": "insider-case-study",
      "version": "0.0.0",
      "dependencies": {
        "html2canvas": "^1.4.1",
        "monaco-editor": "^0.33.0",
        "postcss-nested": "^5.0.6",
        "sass": "^1.53.0"
      },
      "devDependencies": {
        "vite": "^3.0.0"
      }
    },
    "node_modules/anymatch": {
      "version": "3.1.2",
      "license": "ISC",
      "dependencies": {
        "normalize-path": "^3.0.0",
        "picomatch": "^2.0.4"
      },
      "engines": {
        "node": ">= 8"
      }
    },
    "node_modules/base64-arraybuffer": {
      "version": "1.0.2",
      "license": "MIT",
      "engines": {
        "node": ">= 0.6.0"
      }
    },
    "node_modules/binary-extensions": {
      "version": "2.2.0",
      "license": "MIT",
      "engines": {
        "node": ">=8"
      }
    },
    "node_modules/braces": {
      "version": "3.0.2",
      "license": "MIT",
      "dependencies": {
        "fill-range": "^7.0.1"
      },
      "engines": {
        "node": ">=8"
      }
    },
    "node_modules/chokidar": {
      "version": "3.5.3",
      "funding": [
        {
          "type": "individual",
          "url": "https://paulmillr.com/funding/"
        }
      ],
      "license": "MIT",
      "dependencies": {
        "anymatch": "~3.1.2",
        "braces": "~3.0.2",
        "glob-parent": "~5.1.2",
        "is-binary-path": "~2.1.0",
        "is-glob": "~4.0.1",
        "normalize-path": "~3.0.0",
        "readdirp": "~3.6.0"
      },
      "engines": {
        "node": ">= 8.10.0"
      },
      "optionalDependencies": {
        "fsevents": "~2.3.2"
      }
    },
    "node_modules/css-line-break": {
      "version": "2.1.0",
      "license": "MIT",
      "dependencies": {
        "utrie": "^1.0.2"
      }
    },
    "node_modules/cssesc": {
      "version": "3.0.0",
      "license": "MIT",
      "bin": {
        "cssesc": "bin/cssesc"
      },
      "engines": {
        "node": ">=4"
      }
    },
    "node_modules/esbuild": {
      "version": "0.14.49",
      "dev": true,
      "hasInstallScript": true,
      "license": "MIT",
      "bin": {
        "esbuild": "bin/esbuild"
      },
      "engines": {
        "node": ">=12"
      },
      "optionalDependencies": {
        "esbuild-android-64": "0.14.49",
        "esbuild-android-arm64": "0.14.49",
        "esbuild-darwin-64": "0.14.49",
        "esbuild-darwin-arm64": "0.14.49",
        "esbuild-freebsd-64": "0.14.49",
        "esbuild-freebsd-arm64": "0.14.49",
        "esbuild-linux-32": "0.14.49",
        "esbuild-linux-64": "0.14.49",
        "esbuild-linux-arm": "0.14.49",
        "esbuild-linux-arm64": "0.14.49",
        "esbuild-linux-mips64le": "0.14.49",
        "esbuild-linux-ppc64le": "0.14.49",
        "esbuild-linux-riscv64": "0.14.49",
        "esbuild-linux-s390x": "0.14.49",
        "esbuild-netbsd-64": "0.14.49",
        "esbuild-openbsd-64": "0.14.49",
        "esbuild-sunos-64": "0.14.49",
        "esbuild-windows-32": "0.14.49",
        "esbuild-windows-64": "0.14.49",
        "esbuild-windows-arm64": "0.14.49"
      }
    },
    "node_modules/esbuild-darwin-arm64": {
      "version": "0.14.49",
      "cpu": [
        "arm64"
      ],
      "dev": true,
      "license": "MIT",
      "optional": true,
      "os": [
        "darwin"
      ],
      "engines": {
        "node": ">=12"
      }
    },
    "node_modules/fill-range": {
      "version": "7.0.1",
      "license": "MIT",
      "dependencies": {
        "to-regex-range": "^5.0.1"
      },
      "engines": {
        "node": ">=8"
      }
    },
    "node_modules/fsevents": {
      "version": "2.3.2",
      "license": "MIT",
      "optional": true,
      "os": [
        "darwin"
      ],
      "engines": {
        "node": "^8.16.0 || ^10.6.0 || >=11.0.0"
      }
    },
    "node_modules/function-bind": {
      "version": "1.1.1",
      "dev": true,
      "license": "MIT"
    },
    "node_modules/glob-parent": {
      "version": "5.1.2",
      "license": "ISC",
      "dependencies": {
        "is-glob": "^4.0.1"
      },
      "engines": {
        "node": ">= 6"
      }
    },
    "node_modules/has": {
      "version": "1.0.3",
      "dev": true,
      "license": "MIT",
      "dependencies": {
        "function-bind": "^1.1.1"
      },
      "engines": {
        "node": ">= 0.4.0"
      }
    },
    "node_modules/html2canvas": {
      "version": "1.4.1",
      "license": "MIT",
      "dependencies": {
        "css-line-break": "^2.1.0",
        "text-segmentation": "^1.0.3"
      },
      "engines": {
        "node": ">=8.0.0"
      }
    },
    "node_modules/immutable": {
      "version": "4.1.0",
      "license": "MIT"
    },
    "node_modules/is-binary-path": {
      "version": "2.1.0",
      "license": "MIT",
      "dependencies": {
        "binary-extensions": "^2.0.0"
      },
      "engines": {
        "node": ">=8"
      }
    },
    "node_modules/is-core-module": {
      "version": "2.9.0",
      "dev": true,
      "license": "MIT",
      "dependencies": {
        "has": "^1.0.3"
      },
      "funding": {
        "url": "https://github.com/sponsors/ljharb"
      }
    },
    "node_modules/is-extglob": {
      "version": "2.1.1",
      "license": "MIT",
      "engines": {
        "node": ">=0.10.0"
      }
    },
    "node_modules/is-glob": {
      "version": "4.0.3",
      "license": "MIT",
      "dependencies": {
        "is-extglob": "^2.1.1"
      },
      "engines": {
        "node": ">=0.10.0"
      }
    },
    "node_modules/is-number": {
      "version": "7.0.0",
      "license": "MIT",
      "engines": {
        "node": ">=0.12.0"
      }
    },
    "node_modules/monaco-editor": {
      "version": "0.33.0",
      "license": "MIT"
    },
    "node_modules/nanoid": {
      "version": "3.3.4",
      "license": "MIT",
      "bin": {
        "nanoid": "bin/nanoid.cjs"
      },
      "engines": {
        "node": "^10 || ^12 || ^13.7 || ^14 || >=15.0.1"
      }
    },
    "node_modules/normalize-path": {
      "version": "3.0.0",
      "license": "MIT",
      "engines": {
        "node": ">=0.10.0"
      }
    },
    "node_modules/path-parse": {
      "version": "1.0.7",
      "dev": true,
      "license": "MIT"
    },
    "node_modules/picocolors": {
      "version": "1.0.0",
      "license": "ISC"
    },
    "node_modules/picomatch": {
      "version": "2.3.1",
      "license": "MIT",
      "engines": {
        "node": ">=8.6"
      },
      "funding": {
        "url": "https://github.com/sponsors/jonschlinkert"
      }
    },
    "node_modules/postcss": {
      "version": "8.4.14",
      "funding": [
        {
          "type": "opencollective",
          "url": "https://opencollective.com/postcss/"
        },
        {
          "type": "tidelift",
          "url": "https://tidelift.com/funding/github/npm/postcss"
        }
      ],
      "license": "MIT",
      "dependencies": {
        "nanoid": "^3.3.4",
        "picocolors": "^1.0.0",
        "source-map-js": "^1.0.2"
      },
      "engines": {
        "node": "^10 || ^12 || >=14"
      }
    },
    "node_modules/postcss-nested": {
      "version": "5.0.6",
      "license": "MIT",
      "dependencies": {
        "postcss-selector-parser": "^6.0.6"
      },
      "engines": {
        "node": ">=12.0"
      },
      "funding": {
        "type": "opencollective",
        "url": "https://opencollective.com/postcss/"
      },
      "peerDependencies": {
        "postcss": "^8.2.14"
      }
    },
    "node_modules/postcss-selector-parser": {
      "version": "6.0.10",
      "license": "MIT",
      "dependencies": {
        "cssesc": "^3.0.0",
        "util-deprecate": "^1.0.2"
      },
      "engines": {
        "node": ">=4"
      }
    },
    "node_modules/readdirp": {
      "version": "3.6.0",
      "license": "MIT",
      "dependencies": {
        "picomatch": "^2.2.1"
      },
      "engines": {
        "node": ">=8.10.0"
      }
    },
    "node_modules/resolve": {
      "version": "1.22.1",
      "dev": true,
      "license": "MIT",
      "dependencies": {
        "is-core-module": "^2.9.0",
        "path-parse": "^1.0.7",
        "supports-preserve-symlinks-flag": "^1.0.0"
      },
      "bin": {
        "resolve": "bin/resolve"
      },
      "funding": {
        "url": "https://github.com/sponsors/ljharb"
      }
    },
    "node_modules/rollup": {
      "version": "2.77.0",
      "dev": true,
      "license": "MIT",
      "bin": {
        "rollup": "dist/bin/rollup"
      },
      "engines": {
        "node": ">=10.0.0"
      },
      "optionalDependencies": {
        "fsevents": "~2.3.2"
      }
    },
    "node_modules/sass": {
      "version": "1.53.0",
      "license": "MIT",
      "dependencies": {
        "chokidar": ">=3.0.0 <4.0.0",
        "immutable": "^4.0.0",
        "source-map-js": ">=0.6.2 <2.0.0"
      },
      "bin": {
        "sass": "sass.js"
      },
      "engines": {
        "node": ">=12.0.0"
      }
    },
    "node_modules/source-map-js": {
      "version": "1.0.2",
      "license": "BSD-3-Clause",
      "engines": {
        "node": ">=0.10.0"
      }
    },
    "node_modules/supports-preserve-symlinks-flag": {
      "version": "1.0.0",
      "dev": true,
      "license": "MIT",
      "engines": {
        "node": ">= 0.4"
      },
      "funding": {
        "url": "https://github.com/sponsors/ljharb"
      }
    },
    "node_modules/text-segmentation": {
      "version": "1.0.3",
      "license": "MIT",
      "dependencies": {
        "utrie": "^1.0.2"
      }
    },
    "node_modules/to-regex-range": {
      "version": "5.0.1",
      "license": "MIT",
      "dependencies": {
        "is-number": "^7.0.0"
      },
      "engines": {
        "node": ">=8.0"
      }
    },
    "node_modules/util-deprecate": {
      "version": "1.0.2",
      "license": "MIT"
    },
    "node_modules/utrie": {
      "version": "1.0.2",
      "license": "MIT",
      "dependencies": {
        "base64-arraybuffer": "^1.0.2"
      }
    },
    "node_modules/vite": {
      "version": "3.0.2",
      "dev": true,
      "license": "MIT",
      "dependencies": {
        "esbuild": "^0.14.47",
        "postcss": "^8.4.14",
        "resolve": "^1.22.1",
        "rollup": "^2.75.6"
      },
      "bin": {
        "vite": "bin/vite.js"
      },
      "engines": {
        "node": "^14.18.0 || >=16.0.0"
      },
      "optionalDependencies": {
        "fsevents": "~2.3.2"
      },
      "peerDependencies": {
        "less": "*",
        "sass": "*",
        "stylus": "*",
        "terser": "^5.4.0"
      },
      "peerDependenciesMeta": {
        "less": {
          "optional": true
        },
        "sass": {
          "optional": true
        },
        "stylus": {
          "optional": true
        },
        "terser": {
          "optional": true
        }
      }
    }
  },
  "dependencies": {
    "anymatch": {
      "version": "3.1.2",
      "requires": {
        "normalize-path": "^3.0.0",
        "picomatch": "^2.0.4"
      }
    },
    "base64-arraybuffer": {
      "version": "1.0.2"
    },
    "binary-extensions": {
      "version": "2.2.0"
    },
    "braces": {
      "version": "3.0.2",
      "requires": {
        "fill-range": "^7.0.1"
      }
    },
    "chokidar": {
      "version": "3.5.3",
      "requires": {
        "anymatch": "~3.1.2",
        "braces": "~3.0.2",
        "fsevents": "~2.3.2",
        "glob-parent": "~5.1.2",
        "is-binary-path": "~2.1.0",
        "is-glob": "~4.0.1",
        "normalize-path": "~3.0.0",
        "readdirp": "~3.6.0"
      }
    },
    "css-line-break": {
      "version": "2.1.0",
      "requires": {
        "utrie": "^1.0.2"
      }
    },
    "cssesc": {
      "version": "3.0.0"
    },
    "esbuild": {
      "version": "0.14.49",
      "dev": true,
      "requires": {
        "esbuild-android-64": "0.14.49",
        "esbuild-android-arm64": "0.14.49",
        "esbuild-darwin-64": "0.14.49",
        "esbuild-darwin-arm64": "0.14.49",
        "esbuild-freebsd-64": "0.14.49",
        "esbuild-freebsd-arm64": "0.14.49",
        "esbuild-linux-32": "0.14.49",
        "esbuild-linux-64": "0.14.49",
        "esbuild-linux-arm": "0.14.49",
        "esbuild-linux-arm64": "0.14.49",
        "esbuild-linux-mips64le": "0.14.49",
        "esbuild-linux-ppc64le": "0.14.49",
        "esbuild-linux-riscv64": "0.14.49",
        "esbuild-linux-s390x": "0.14.49",
        "esbuild-netbsd-64": "0.14.49",
        "esbuild-openbsd-64": "0.14.49",
        "esbuild-sunos-64": "0.14.49",
        "esbuild-windows-32": "0.14.49",
        "esbuild-windows-64": "0.14.49",
        "esbuild-windows-arm64": "0.14.49"
      }
    },
    "esbuild-darwin-arm64": {
      "version": "0.14.49",
      "dev": true,
      "optional": true
    },
    "fill-range": {
      "version": "7.0.1",
      "requires": {
        "to-regex-range": "^5.0.1"
      }
    },
    "fsevents": {
      "version": "2.3.2",
      "optional": true
    },
    "function-bind": {
      "version": "1.1.1",
      "dev": true
    },
    "glob-parent": {
      "version": "5.1.2",
      "requires": {
        "is-glob": "^4.0.1"
      }
    },
    "has": {
      "version": "1.0.3",
      "dev": true,
      "requires": {
        "function-bind": "^1.1.1"
      }
    },
    "html2canvas": {
      "version": "1.4.1",
      "requires": {
        "css-line-break": "^2.1.0",
        "text-segmentation": "^1.0.3"
      }
    },
    "immutable": {
      "version": "4.1.0"
    },
    "is-binary-path": {
      "version": "2.1.0",
      "requires": {
        "binary-extensions": "^2.0.0"
      }
    },
    "is-core-module": {
      "version": "2.9.0",
      "dev": true,
      "requires": {
        "has": "^1.0.3"
      }
    },
    "is-extglob": {
      "version": "2.1.1"
    },
    "is-glob": {
      "version": "4.0.3",
      "requires": {
        "is-extglob": "^2.1.1"
      }
    },
    "is-number": {
      "version": "7.0.0"
    },
    "monaco-editor": {
      "version": "0.33.0"
    },
    "nanoid": {
      "version": "3.3.4"
    },
    "normalize-path": {
      "version": "3.0.0"
    },
    "path-parse": {
      "version": "1.0.7",
      "dev": true
    },
    "picocolors": {
      "version": "1.0.0"
    },
    "picomatch": {
      "version": "2.3.1"
    },
    "postcss": {
      "version": "8.4.14",
      "requires": {
        "nanoid": "^3.3.4",
        "picocolors": "^1.0.0",
        "source-map-js": "^1.0.2"
      }
    },
    "postcss-nested": {
      "version": "5.0.6",
      "requires": {
        "postcss-selector-parser": "^6.0.6"
      }
    },
    "postcss-selector-parser": {
      "version": "6.0.10",
      "requires": {
        "cssesc": "^3.0.0",
        "util-deprecate": "^1.0.2"
      }
    },
    "readdirp": {
      "version": "3.6.0",
      "requires": {
        "picomatch": "^2.2.1"
      }
    },
    "resolve": {
      "version": "1.22.1",
      "dev": true,
      "requires": {
        "is-core-module": "^2.9.0",
        "path-parse": "^1.0.7",
        "supports-preserve-symlinks-flag": "^1.0.0"
      }
    },
    "rollup": {
      "version": "2.77.0",
      "dev": true,
      "requires": {
        "fsevents": "~2.3.2"
      }
    },
    "sass": {
      "version": "1.53.0",
      "requires": {
        "chokidar": ">=3.0.0 <4.0.0",
        "immutable": "^4.0.0",
        "source-map-js": ">=0.6.2 <2.0.0"
      }
    },
    "source-map-js": {
      "version": "1.0.2"
    },
    "supports-preserve-symlinks-flag": {
      "version": "1.0.0",
      "dev": true
    },
    "text-segmentation": {
      "version": "1.0.3",
      "requires": {
        "utrie": "^1.0.2"
      }
    },
    "to-regex-range": {
      "version": "5.0.1",
      "requires": {
        "is-number": "^7.0.0"
      }
    },
    "util-deprecate": {
      "version": "1.0.2"
    },
    "utrie": {
      "version": "1.0.2",
      "requires": {
        "base64-arraybuffer": "^1.0.2"
      }
    },
    "vite": {
      "version": "3.0.2",
      "dev": true,
      "requires": {
        "esbuild": "^0.14.47",
        "fsevents": "~2.3.2",
        "postcss": "^8.4.14",
        "resolve": "^1.22.1",
        "rollup": "^2.75.6"
      }
    }
  }
}
